
Microsoft Visual Studio Solution File, Format Version 12.00
# Visual Studio Version 16
VisualStudioVersion = 16.0.30320.27
MinimumVisualStudioVersion = 15.0.26124.0
Project("{9A19103F-16F7-4668-BE54-9A1E7A4F7556}") = "Services", "Services\Services.csproj", "{D0F635B6-C7F5-4011-9A8E-22DC4B35EBB5}"
EndProject
Project("{9A19103F-16F7-4668-BE54-9A1E7A4F7556}") = "PaymentsUI", "PaymentsUI\PaymentsUI.csproj", "{B82EAEDC-5203-4797-83FA-35C56BB31181}"
EndProject
Project("{9A19103F-16F7-4668-BE54-9A1E7A4F7556}") = "Payment.Domain", "..\Payments\Payment.Domain\Payment.Domain.csproj", "{103176BE-7104-4722-85AE-1032D86DA5C9}"
EndProject
Global
	GlobalSection(SolutionConfigurationPlatforms) = preSolution
		Debug|Any CPU = Debug|Any CPU
		Debug|x64 = Debug|x64
		Debug|x86 = Debug|x86
		Release|Any CPU = Release|Any CPU
		Release|x64 = Release|x64
		Release|x86 = Release|x86
	EndGlobalSection
	GlobalSection(ProjectConfigurationPlatforms) = postSolution
		{D0F635B6-C7F5-4011-9A8E-22DC4B35EBB5}.Debug|Any CPU.ActiveCfg = Debug|Any CPU
		{D0F635B6-C7F5-4011-9A8E-22DC4B35EBB5}.Debug|Any CPU.Build.0 = Debug|Any CPU
		{D0F635B6-C7F5-4011-9A8E-22DC4B35EBB5}.Debug|x64.ActiveCfg = Debug|Any CPU
		{D0F635B6-C7F5-4011-9A8E-22DC4B35EBB5}.Debug|x64.Build.0 = Debug|Any CPU
		{D0F635B6-C7F5-4011-9A8E-22DC4B35EBB5}.Debug|x86.ActiveCfg = Debug|Any CPU
		{D0F635B6-C7F5-4011-9A8E-22DC4B35EBB5}.Debug|x86.Build.0 = Debug|Any CPU
		{D0F635B6-C7F5-4011-9A8E-22DC4B35EBB5}.Release|Any CPU.ActiveCfg = Release|Any CPU
		{D0F635B6-C7F5-4011-9A8E-22DC4B35EBB5}.Release|Any CPU.Build.0 = Release|Any CPU
		{D0F635B6-C7F5-4011-9A8E-22DC4B35EBB5}.Release|x64.ActiveCfg = Release|Any CPU
		{D0F635B6-C7F5-4011-9A8E-22DC4B35EBB5}.Release|x64.Build.0 = Release|Any CPU
		{D0F635B6-C7F5-4011-9A8E-22DC4B35EBB5}.Release|x86.ActiveCfg = Release|Any CPU
		{D0F635B6-C7F5-4011-9A8E-22DC4B35EBB5}.Release|x86.Build.0 = Release|Any CPU
		{B82EAEDC-5203-4797-83FA-35C56BB31181}.Debug|Any CPU.ActiveCfg = Debug|Any CPU
		{B82EAEDC-5203-4797-83FA-35C56BB31181}.Debug|Any CPU.Build.0 = Debug|Any CPU
		{B82EAEDC-5203-4797-83FA-35C56BB31181}.Debug|x64.ActiveCfg = Debug|Any CPU
		{B82EAEDC-5203-4797-83FA-35C56BB31181}.Debug|x64.Build.0 = Debug|Any CPU
		{B82EAEDC-5203-4797-83FA-35C56BB31181}.Debug|x86.ActiveCfg = Debug|Any CPU
		{B82EAEDC-5203-4797-83FA-35C56BB31181}.Debug|x86.Build.0 = Debug|Any CPU
		{B82EAEDC-5203-4797-83FA-35C56BB31181}.Release|Any CPU.ActiveCfg = Release|Any CPU
		{B82EAEDC-5203-4797-83FA-35C56BB31181}.Release|Any CPU.Build.0 = Release|Any CPU
		{B82EAEDC-5203-4797-83FA-35C56BB31181}.Release|x64.ActiveCfg = Release|Any CPU
		{B82EAEDC-5203-4797-83FA-35C56BB31181}.Release|x64.Build.0 = Release|Any CPU
		{B82EAEDC-5203-4797-83FA-35C56BB31181}.Release|x86.ActiveCfg = Release|Any CPU
		{B82EAEDC-5203-4797-83FA-35C56BB31181}.Release|x86.Build.0 = Release|Any CPU
		{103176BE-7104-4722-85AE-1032D86DA5C9}.Debug|Any CPU.ActiveCfg = Debug|Any CPU
		{103176BE-7104-4722-85AE-1032D86DA5C9}.Debug|Any CPU.Build.0 = Debug|Any CPU
		{103176BE-7104-4722-85AE-1032D86DA5C9}.Debug|x64.ActiveCfg = Debug|Any CPU
		{103176BE-7104-4722-85AE-1032D86DA5C9}.Debug|x64.Build.0 = Debug|Any CPU
		{103176BE-7104-4722-85AE-1032D86DA5C9}.Debug|x86.ActiveCfg = Debug|Any CPU
		{103176BE-7104-4722-85AE-1032D86DA5C9}.Debug|x86.Build.0 = Debug|Any CPU
		{103176BE-7104-4722-85AE-1032D86DA5C9}.Release|Any CPU.ActiveCfg = Release|Any CPU
		{103176BE-7104-4722-85AE-1032D86DA5C9}.Release|Any CPU.Build.0 = Release|Any CPU
		{103176BE-7104-4722-85AE-1032D86DA5C9}.Release|x64.ActiveCfg = Release|Any CPU
		{103176BE-7104-4722-85AE-1032D86DA5C9}.Release|x64.Build.0 = Release|Any CPU
		{103176BE-7104-4722-85AE-1032D86DA5C9}.Release|x86.ActiveCfg = Release|Any CPU
		{103176BE-7104-4722-85AE-1032D86DA5C9}.Release|x86.Build.0 = Release|Any CPU
	EndGlobalSection
	GlobalSection(SolutionProperties) = preSolution
		HideSolutionNode = FALSE
	EndGlobalSection
	GlobalSection(ExtensibilityGlobals) = postSolution
		SolutionGuid = {68A4668E-8D00-431A-A494-B825006FC41E}
	EndGlobalSection
EndGlobal
